# This file is automatically @generated by Poetry 1.8.2 and should not be changed by hand.

[[package]]
name = "anyio"
version = "4.3.0"
description = "High level compatibility layer for multiple asynchronous event loop implementations"
optional = false
python-versions = ">=3.8"
files = [
    {file = "anyio-4.3.0-py3-none-any.whl", hash = "sha256:048e05d0f6caeed70d731f3db756d35dcc1f35747c8c403364a8332c630441b8"},
    {file = "anyio-4.3.0.tar.gz", hash = "sha256:f75253795a87df48568485fd18cdd2a3fa5c4f7c5be8e5e36637733fce06fed6"},
]

[package.dependencies]
idna = ">=2.8"
sniffio = ">=1.1"

[package.extras]
doc = ["Sphinx (>=7)", "packaging", "sphinx-autodoc-typehints (>=1.2.0)", "sphinx-rtd-theme"]
test = ["anyio[trio]", "coverage[toml] (>=7)", "exceptiongroup (>=1.2.0)", "hypothesis (>=4.0)", "psutil (>=5.9)", "pytest (>=7.0)", "pytest-mock (>=3.6.1)", "trustme", "uvloop (>=0.17)"]
trio = ["trio (>=0.23)"]

[[package]]
name = "beets"
version = "1.6.0"
description = "music tagger and library organizer"
optional = false
python-versions = "*"
files = [
    {file = "beets-1.6.0.tar.gz", hash = "sha256:aa6fb734e44afc9b039c0abd0edd4c7706df00d4eb4aae7afa9ff4b6bb15525d"},
]

[package.dependencies]
confuse = ">=1.0.0"
jellyfish = "*"
mediafile = ">=0.2.0"
munkres = ">=1.0.0"
musicbrainzngs = ">=0.4"
pyyaml = "*"
unidecode = "*"

[package.extras]
absubmit = ["requests"]
beatport = ["requests-oauthlib (>=0.6.1)"]
bpd = ["PyGObject"]
chroma = ["pyacoustid"]
discogs = ["python3-discogs-client (>=2.3.10)"]
embedart = ["Pillow"]
embyupdate = ["requests"]
fetchart = ["Pillow", "requests"]
import = ["py7zr", "rarfile"]
kodiupdate = ["requests"]
lastgenre = ["pylast"]
lastimport = ["pylast"]
lint = ["flake8", "flake8-docstrings", "pep8-naming"]
lyrics = ["beautifulsoup4", "langdetect", "requests"]
metasync = ["dbus-python"]
mpdstats = ["python-mpd2 (>=0.4.2)"]
plexupdate = ["requests"]
reflink = ["reflink"]
replaygain = ["PyGObject"]
scrub = ["mutagen (>=1.33)"]
sonosupdate = ["soco"]
test = ["beautifulsoup4", "coverage", "flask", "mock", "py7zr", "pylast", "pytest", "python-mpd2", "python3-discogs-client", "pyxdg", "rarfile", "reflink", "requests_oauthlib", "responses (>=0.3.0)"]
thumbnails = ["Pillow", "pyxdg"]
web = ["flask", "flask-cors"]

[[package]]
name = "certifi"
version = "2024.2.2"
description = "Python package for providing Mozilla's CA Bundle."
optional = false
python-versions = ">=3.6"
files = [
    {file = "certifi-2024.2.2-py3-none-any.whl", hash = "sha256:dc383c07b76109f368f6106eee2b593b04a011ea4d55f652c6ca24a754d1cdd1"},
    {file = "certifi-2024.2.2.tar.gz", hash = "sha256:0569859f95fc761b18b45ef421b1290a0f65f147e92a1e5eb3e635f9a5e4e66f"},
]

[[package]]
name = "confuse"
version = "2.0.1"
description = "Painless YAML configuration."
optional = false
python-versions = ">=3.6"
files = [
    {file = "confuse-2.0.1-py3-none-any.whl", hash = "sha256:9b9e5bbc70e2cb9b318bcab14d917ec88e21bf1b724365e3815eb16e37aabd2a"},
    {file = "confuse-2.0.1.tar.gz", hash = "sha256:7379a2ad49aaa862b79600cc070260c1b7974d349f4fa5e01f9afa6c4dd0611f"},
]

[package.dependencies]
pyyaml = "*"

[[package]]
name = "h11"
version = "0.14.0"
description = "A pure-Python, bring-your-own-I/O implementation of HTTP/1.1"
optional = false
python-versions = ">=3.7"
files = [
    {file = "h11-0.14.0-py3-none-any.whl", hash = "sha256:e3fe4ac4b851c468cc8363d500db52c2ead036020723024a109d37346efaa761"},
    {file = "h11-0.14.0.tar.gz", hash = "sha256:8f19fbbe99e72420ff35c00b27a34cb9937e902a8b810e2c88300c6f0a3b699d"},
]

[[package]]
name = "httpcore"
version = "1.0.5"
description = "A minimal low-level HTTP client."
optional = false
python-versions = ">=3.8"
files = [
    {file = "httpcore-1.0.5-py3-none-any.whl", hash = "sha256:421f18bac248b25d310f3cacd198d55b8e6125c107797b609ff9b7a6ba7991b5"},
    {file = "httpcore-1.0.5.tar.gz", hash = "sha256:34a38e2f9291467ee3b44e89dd52615370e152954ba21721378a87b2960f7a61"},
]

[package.dependencies]
certifi = "*"
h11 = ">=0.13,<0.15"

[package.extras]
asyncio = ["anyio (>=4.0,<5.0)"]
http2 = ["h2 (>=3,<5)"]
socks = ["socksio (==1.*)"]
trio = ["trio (>=0.22.0,<0.26.0)"]

[[package]]
name = "httpx"
version = "0.27.0"
description = "The next generation HTTP client."
optional = false
python-versions = ">=3.8"
files = [
    {file = "httpx-0.27.0-py3-none-any.whl", hash = "sha256:71d5465162c13681bff01ad59b2cc68dd838ea1f10e51574bac27103f00c91a5"},
    {file = "httpx-0.27.0.tar.gz", hash = "sha256:a0cb88a46f32dc874e04ee956e4c2764aba2aa228f650b06788ba6bda2962ab5"},
]

[package.dependencies]
anyio = "*"
certifi = "*"
httpcore = "==1.*"
idna = "*"
sniffio = "*"

[package.extras]
brotli = ["brotli", "brotlicffi"]
cli = ["click (==8.*)", "pygments (==2.*)", "rich (>=10,<14)"]
http2 = ["h2 (>=3,<5)"]
socks = ["socksio (==1.*)"]

[[package]]
name = "idna"
version = "3.6"
description = "Internationalized Domain Names in Applications (IDNA)"
optional = false
python-versions = ">=3.5"
files = [
    {file = "idna-3.6-py3-none-any.whl", hash = "sha256:c05567e9c24a6b9faaa835c4821bad0590fbb9d5779e7caa6e1cc4978e7eb24f"},
    {file = "idna-3.6.tar.gz", hash = "sha256:9ecdbbd083b06798ae1e86adcbfe8ab1479cf864e4ee30fe4e46a003d12491ca"},
]

[[package]]
name = "jellyfish"
version = "1.0.3"
description = "Approximate and phonetic matching of strings."
optional = false
python-versions = ">=3.7"
files = [
    {file = "jellyfish-1.0.3-cp310-cp310-macosx_10_7_x86_64.whl", hash = "sha256:318169ed003949a177536f9d6ee240997056caef75e37a66e7ade1e7d6e9fa4a"},
    {file = "jellyfish-1.0.3-cp310-cp310-macosx_11_0_arm64.whl", hash = "sha256:0281e85aaa1a6edead83a66801a3ad24da27f80bee1efc6ff85ac7fa10069270"},
    {file = "jellyfish-1.0.3-cp310-cp310-manylinux_2_17_aarch64.manylinux2014_aarch64.whl", hash = "sha256:54c862cbc866aa45521d9a01100c1a3d7b305ebde2b4d7606cbd6c82350fdfa0"},
    {file = "jellyfish-1.0.3-cp310-cp310-manylinux_2_17_armv7l.manylinux2014_armv7l.whl", hash = "sha256:ee1a1db7bb5c240031d7769301fd5291a40997df76e68d322a2aa9b4f3fd7ba4"},
    {file = "jellyfish-1.0.3-cp310-cp310-manylinux_2_17_x86_64.manylinux2014_x86_64.whl", hash = "sha256:face52972a7c8d2538aec5bdbc4c863a7f2b3c5def88a6e6977fcaec8acefc92"},
    {file = "jellyfish-1.0.3-cp310-cp310-musllinux_1_1_i686.whl", hash = "sha256:643315eb140af1bbfffb6d38b0371920c875ca3ec3fa0403b851bd50b9a9603c"},
    {file = "jellyfish-1.0.3-cp310-cp310-musllinux_1_1_x86_64.whl", hash = "sha256:d5d01941cd21ff57e41713c77786654f513cca2ace73f7ad53aefdf952600d06"},
    {file = "jellyfish-1.0.3-cp310-none-win32.whl", hash = "sha256:5932f7d0643db9deb09de50770fa7fd872f4e76d39686568d2a63bd3e4af16bb"},
    {file = "jellyfish-1.0.3-cp310-none-win_amd64.whl", hash = "sha256:da254a29f9ea2c5548fe02e42d0d361de566a92c6e7aef991eb6640d18b6f4b5"},
    {file = "jellyfish-1.0.3-cp311-cp311-macosx_10_7_x86_64.whl", hash = "sha256:06d75c438a735a689986ba6a199daa60da30515dd99696b08c10c800b08a8725"},
    {file = "jellyfish-1.0.3-cp311-cp311-macosx_11_0_arm64.whl", hash = "sha256:abd8388161df3ec6469b7b6fdad1066efb3958d885b7390ed105824c7e4ac68f"},
    {file = "jellyfish-1.0.3-cp311-cp311-manylinux_2_17_aarch64.manylinux2014_aarch64.whl", hash = "sha256:61f0317789d139456c678f7a68a93130d3c0227e76d200cbeedf156719747d8f"},
    {file = "jellyfish-1.0.3-cp311-cp311-manylinux_2_17_armv7l.manylinux2014_armv7l.whl", hash = "sha256:553f195f2d24702b8586c6bd73a938c028d417f58ca4aaf735d827db7e21e827"},
    {file = "jellyfish-1.0.3-cp311-cp311-manylinux_2_17_x86_64.manylinux2014_x86_64.whl", hash = "sha256:5aea474cf64998eb102d622944fde3d9198b17a2ec36ed1cae34fdb1887015fb"},
    {file = "jellyfish-1.0.3-cp311-cp311-musllinux_1_1_i686.whl", hash = "sha256:65e4256c44963337fcc63897f01f4a754bdc17e4d740bceb55c04ab94ca9c07e"},
    {file = "jellyfish-1.0.3-cp311-cp311-musllinux_1_1_x86_64.whl", hash = "sha256:0ad15b58b808c76082b19c606a7a32d4c2c92520bbcb3a5c637e36520248e18b"},
    {file = "jellyfish-1.0.3-cp311-none-win32.whl", hash = "sha256:0a5fff421ec821d37ad316f1f8e7706c5868d662d1dadcdbefd38ba1df45152d"},
    {file = "jellyfish-1.0.3-cp311-none-win_amd64.whl", hash = "sha256:c53895523a7a911621c4f46ffafb234ddbcd467a0e63782304c68652ba8dea41"},
    {file = "jellyfish-1.0.3-cp312-cp312-macosx_10_7_x86_64.whl", hash = "sha256:7bf482b872dea6267fd486957bb018c69f11618130f0e2e2cd04a9dd64be32f5"},
    {file = "jellyfish-1.0.3-cp312-cp312-macosx_11_0_arm64.whl", hash = "sha256:e162ab1c140a6ceb44a7d13e53b94a0ad5f796a4b1389bb91dc6448f7cfecd73"},
    {file = "jellyfish-1.0.3-cp312-cp312-manylinux_2_17_aarch64.manylinux2014_aarch64.whl", hash = "sha256:3ce7aeb268acecec02f8f863a8343641064cb83d3d2fc44f4b2ca9fb31a1395d"},
    {file = "jellyfish-1.0.3-cp312-cp312-manylinux_2_17_armv7l.manylinux2014_armv7l.whl", hash = "sha256:484051e6eaa55063e8683dca4336acff5d66c794b8517d569f4055e3df38a789"},
    {file = "jellyfish-1.0.3-cp312-cp312-manylinux_2_17_x86_64.manylinux2014_x86_64.whl", hash = "sha256:a53b8636935f169bf928140ff09207c3cb24cbd76d87a1fd11785061cc7c57d3"},
    {file = "jellyfish-1.0.3-cp312-cp312-musllinux_1_1_i686.whl", hash = "sha256:cad69bc4174757abfc232c2741e3a6e08ad2050be9d84d91f58ff0936a8cce40"},
    {file = "jellyfish-1.0.3-cp312-cp312-musllinux_1_1_x86_64.whl", hash = "sha256:0271686a4e0cfa67a62ae151e71ef556df1b562373a29d107c3bff4f2308d3ec"},
    {file = "jellyfish-1.0.3-cp312-none-win32.whl", hash = "sha256:9af1447ebff6e8429ccd09ae632becb5612a0ea6bd9eb3aa8c2069a5586b0455"},
    {file = "jellyfish-1.0.3-cp312-none-win_amd64.whl", hash = "sha256:c5aa3b4775c9eb7c814eb0eab5632b5ff476fdfea2be83b10d40bb821e01aa05"},
    {file = "jellyfish-1.0.3-cp38-cp38-macosx_10_7_x86_64.whl", hash = "sha256:b9dc71748365e9de24cca05920d17ef709a31a37c791105e049e37cfbccac3f5"},
    {file = "jellyfish-1.0.3-cp38-cp38-macosx_11_0_arm64.whl", hash = "sha256:f56a005e0bbbb45e465904db014e76020edc12ebe042bf5b4705089e14a07480"},
    {file = "jellyfish-1.0.3-cp38-cp38-manylinux_2_17_aarch64.manylinux2014_aarch64.whl", hash = "sha256:7432c1d5c37563f913537716473b59466d2e8494aaf15bcd80f1778aa87365f2"},
    {file = "jellyfish-1.0.3-cp38-cp38-manylinux_2_17_armv7l.manylinux2014_armv7l.whl", hash = "sha256:bb10db8375fec009fd5880de8158d6c4e43f09333297e53301a4579f526b39a6"},
    {file = "jellyfish-1.0.3-cp38-cp38-manylinux_2_17_x86_64.manylinux2014_x86_64.whl", hash = "sha256:8909ada3ca12e327b10e46e63b4db7d59a2ebea489dc6d1f7f7569fc89a728cf"},
    {file = "jellyfish-1.0.3-cp38-cp38-musllinux_1_1_i686.whl", hash = "sha256:488f7174aeb759c92c9deadf393f81b38178f9397690d8692fd319fe943b313f"},
    {file = "jellyfish-1.0.3-cp38-cp38-musllinux_1_1_x86_64.whl", hash = "sha256:6e827f40d976a04502c21d20f8b788ef585f8a04a3c1b8b9b896492b463c5f94"},
    {file = "jellyfish-1.0.3-cp38-none-win32.whl", hash = "sha256:70afd781d99e04e9749991a2e5f8c78a0b2fc28076b9e30d7ff71ac421327747"},
    {file = "jellyfish-1.0.3-cp38-none-win_amd64.whl", hash = "sha256:bbc5e8285bc38b10fba020154f0ba4b0a7af8e5bd95d28a48ff9bedca0a32bbe"},
    {file = "jellyfish-1.0.3-cp39-cp39-macosx_10_7_x86_64.whl", hash = "sha256:1472d4dc90b9af65c7ebeea846535f507c693411bacfd5ec954ea65454211e19"},
    {file = "jellyfish-1.0.3-cp39-cp39-macosx_11_0_arm64.whl", hash = "sha256:36e5b76447f91f08af1eda5c880aec00533e49517e206ea1b856e956f2a721bc"},
    {file = "jellyfish-1.0.3-cp39-cp39-manylinux_2_17_aarch64.manylinux2014_aarch64.whl", hash = "sha256:fab07dedd2d30af9da37c1b80c0a44bde8e2dbff240064beaf33bb6d6d6b3228"},
    {file = "jellyfish-1.0.3-cp39-cp39-manylinux_2_17_armv7l.manylinux2014_armv7l.whl", hash = "sha256:4351398fee07578d232625deb8fdadf7949c322e68ffd9e50b374ff0429d4071"},
    {file = "jellyfish-1.0.3-cp39-cp39-manylinux_2_17_x86_64.manylinux2014_x86_64.whl", hash = "sha256:004f6ab661ae4c591be1aed604fbf5976415f1bd771274d29ecdd59b82ef0518"},
    {file = "jellyfish-1.0.3-cp39-cp39-musllinux_1_1_i686.whl", hash = "sha256:45a20a9ab3bfbc7983f60548aa5aff02408bb64de959a765636f8e1b5167266a"},
    {file = "jellyfish-1.0.3-cp39-cp39-musllinux_1_1_x86_64.whl", hash = "sha256:024d58f45d24565a0ccd129a1a90bb85f9e3fa4ddd4f50dbbd3ac39feac0bb7b"},
    {file = "jellyfish-1.0.3-cp39-none-win32.whl", hash = "sha256:c59f5cdc04b62f8f4ff4575dcda66c3def012ede0049d8e199981cd155cb74c5"},
    {file = "jellyfish-1.0.3-cp39-none-win_amd64.whl", hash = "sha256:1c3be01748738812d4674eb6badcd7e42a885700a4a50c8872683bd3687b58ec"},
    {file = "jellyfish-1.0.3-pp310-pypy310_pp73-manylinux_2_17_aarch64.manylinux2014_aarch64.whl", hash = "sha256:2f581d9b5b9e4f1967b980a31c584f01e62fc6ab24f94834a55d343bd438ccee"},
    {file = "jellyfish-1.0.3-pp310-pypy310_pp73-manylinux_2_17_armv7l.manylinux2014_armv7l.whl", hash = "sha256:11f98c3041dbc80229916809b7a4aa9cc27142f385b6f334d9d8215b217fe87a"},
    {file = "jellyfish-1.0.3-pp310-pypy310_pp73-manylinux_2_17_x86_64.manylinux2014_x86_64.whl", hash = "sha256:92e17def9f6a3f6d6e7bc49040907a969ab6c1acd5bbc5db92fd65662f509ee4"},
    {file = "jellyfish-1.0.3-pp310-pypy310_pp73-musllinux_1_1_i686.whl", hash = "sha256:5b957602492ae611e052bc945693b91e9ab2bf1c11273c731f5ac718721d6e6e"},
    {file = "jellyfish-1.0.3-pp310-pypy310_pp73-musllinux_1_1_x86_64.whl", hash = "sha256:a2ce180fd087425e9a6f94979c84657cd91f331c3811b146c83605465d78130c"},
    {file = "jellyfish-1.0.3-pp38-pypy38_pp73-macosx_10_7_x86_64.whl", hash = "sha256:141665836bb227e6c7e16195b292c8e0624ad6ba48471984c7d5a593876ba16b"},
    {file = "jellyfish-1.0.3-pp38-pypy38_pp73-macosx_11_0_arm64.whl", hash = "sha256:48dd2b6165dae690d051a9b39f92cf37f8e583c7ac64c83718d07ba7dc68a7f8"},
    {file = "jellyfish-1.0.3-pp38-pypy38_pp73-manylinux_2_17_aarch64.manylinux2014_aarch64.whl", hash = "sha256:e164002d9171a3c1dc6e256a6ab7c3c61f9e0dcb5a1eec77846e664cc1b10e6d"},
    {file = "jellyfish-1.0.3-pp38-pypy38_pp73-manylinux_2_17_armv7l.manylinux2014_armv7l.whl", hash = "sha256:80b0330071a52a33a1d816f7058798196d613916258565ee5f1cf9d1165c95bc"},
    {file = "jellyfish-1.0.3-pp38-pypy38_pp73-manylinux_2_17_x86_64.manylinux2014_x86_64.whl", hash = "sha256:66ea8a7fe23f7794be55e36aac538c37ddb9cd21282779ac21afb06b280d6a96"},
    {file = "jellyfish-1.0.3-pp38-pypy38_pp73-musllinux_1_1_i686.whl", hash = "sha256:70d9bf2fec251dcfa96443ec6710e845ebdeabf254252090c2614843a56753dd"},
    {file = "jellyfish-1.0.3-pp38-pypy38_pp73-musllinux_1_1_x86_64.whl", hash = "sha256:9ffdec3137b4fbeadcf3ba49b75139e3271bd0fb3fa947ebb39c9d5a3af1db9e"},
    {file = "jellyfish-1.0.3-pp39-pypy39_pp73-macosx_10_7_x86_64.whl", hash = "sha256:bbfd54e277ee4c72c383b9feeb8e1596466a17299508864892d76ba6a41a8d03"},
    {file = "jellyfish-1.0.3-pp39-pypy39_pp73-macosx_11_0_arm64.whl", hash = "sha256:8b25acc9df837be60f72841a3c658bb74fdacb108631d67cb4c92eebf6bb2729"},
    {file = "jellyfish-1.0.3-pp39-pypy39_pp73-manylinux_2_17_aarch64.manylinux2014_aarch64.whl", hash = "sha256:335f9798c5e7d03d1af748347d69cda740b71baf23a7f03275bf7b8b13d87fba"},
    {file = "jellyfish-1.0.3-pp39-pypy39_pp73-manylinux_2_17_armv7l.manylinux2014_armv7l.whl", hash = "sha256:fafbc56ceaf88563aaf40b00c90b3a75d2d115a01082170091cab77fb14ca8d5"},
    {file = "jellyfish-1.0.3-pp39-pypy39_pp73-manylinux_2_17_x86_64.manylinux2014_x86_64.whl", hash = "sha256:8299663d497c0357b92023cf457b485d43d2e969da287f345ab128d145e9f73d"},
    {file = "jellyfish-1.0.3-pp39-pypy39_pp73-musllinux_1_1_i686.whl", hash = "sha256:9a52bbd1d71f6de4fd0f24e2673deffcd93289eea6b973887ebd5d45edc865c6"},
    {file = "jellyfish-1.0.3-pp39-pypy39_pp73-musllinux_1_1_x86_64.whl", hash = "sha256:d606654953309a37b2f0ceaa3bfb26eeecc50d05577a037ac1f55f96f963e4a2"},
    {file = "jellyfish-1.0.3.tar.gz", hash = "sha256:ddb22b7155f208e088352283ee78cb4ef2d2067a76e148a8bb43d177f32b37d2"},
]

[[package]]
name = "mediafile"
version = "0.12.0"
description = "Handles low-level interfacing for files' tags. Wraps Mutagen to"
optional = false
python-versions = ">=3.7"
files = [
    {file = "mediafile-0.12.0-py3-none-any.whl", hash = "sha256:6b6fdb61bb151cd9d6a8a8821ce28adee604ede8a9a992f0d9dd3e835ef4899b"},
    {file = "mediafile-0.12.0.tar.gz", hash = "sha256:d75d805a06ed56150dbcea76505e700f9809abd9e98f98117ae46f5df2ccf1d7"},
]

[package.dependencies]
mutagen = ">=1.46"
six = ">=1.9"

[package.extras]
test = ["tox"]

[[package]]
name = "munkres"
version = "1.1.4"
description = "Munkres (Hungarian) algorithm for the Assignment Problem"
optional = false
python-versions = "*"
files = [
    {file = "munkres-1.1.4-py2.py3-none-any.whl", hash = "sha256:6b01867d4a8480d865aea2326e4b8f7c46431e9e55b4a2e32d989307d7bced2a"},
    {file = "munkres-1.1.4.tar.gz", hash = "sha256:fc44bf3c3979dada4b6b633ddeeb8ffbe8388ee9409e4d4e8310c2da1792db03"},
]

[[package]]
name = "musicbrainzngs"
version = "0.7.1"
description = "Python bindings for the MusicBrainz NGS and the Cover Art Archive webservices"
optional = false
python-versions = ">=2.7, !=3.0.*, !=3.1.*, !=3.2.*, !=3.3.*"
files = [
    {file = "musicbrainzngs-0.7.1-py2.py3-none-any.whl", hash = "sha256:e841a8f975104c0a72290b09f59326050194081a5ae62ee512f41915090e1a10"},
    {file = "musicbrainzngs-0.7.1.tar.gz", hash = "sha256:ab1c0100fd0b305852e65f2ed4113c6de12e68afd55186987b8ed97e0f98e627"},
]

[[package]]
name = "mutagen"
version = "1.47.0"
description = "read and write audio tags for many formats"
optional = false
python-versions = ">=3.7"
files = [
    {file = "mutagen-1.47.0-py3-none-any.whl", hash = "sha256:edd96f50c5907a9539d8e5bba7245f62c9f520aef333d13392a79a4f70aca719"},
    {file = "mutagen-1.47.0.tar.gz", hash = "sha256:719fadef0a978c31b4cf3c956261b3c58b6948b32023078a2117b1de09f0fc99"},
]

[[package]]
name = "pylast"
version = "5.2.0"
description = "A Python interface to Last.fm and Libre.fm"
optional = false
python-versions = ">=3.8"
files = [
    {file = "pylast-5.2.0-py3-none-any.whl", hash = "sha256:89c7c01ea9f08c83865999d8907835157a8096e77dd9dc23420246eb66cfcff5"},
    {file = "pylast-5.2.0.tar.gz", hash = "sha256:bb046804ef56a0c18072c750d61a282d47ac102a3b0b9c44a023eaf5b0934b0a"},
]

[package.dependencies]
httpx = "*"

[package.extras]
tests = ["flaky", "pytest", "pytest-cov", "pytest-random-order", "pyyaml"]

[[package]]
name = "pyyaml"
version = "6.0.1"
description = "YAML parser and emitter for Python"
optional = false
python-versions = ">=3.6"
files = [
    {file = "PyYAML-6.0.1-cp310-cp310-macosx_10_9_x86_64.whl", hash = "sha256:d858aa552c999bc8a8d57426ed01e40bef403cd8ccdd0fc5f6f04a00414cac2a"},
    {file = "PyYAML-6.0.1-cp310-cp310-macosx_11_0_arm64.whl", hash = "sha256:fd66fc5d0da6d9815ba2cebeb4205f95818ff4b79c3ebe268e75d961704af52f"},
    {file = "PyYAML-6.0.1-cp310-cp310-manylinux_2_17_aarch64.manylinux2014_aarch64.whl", hash = "sha256:69b023b2b4daa7548bcfbd4aa3da05b3a74b772db9e23b982788168117739938"},
    {file = "PyYAML-6.0.1-cp310-cp310-manylinux_2_17_s390x.manylinux2014_s390x.whl", hash = "sha256:81e0b275a9ecc9c0c0c07b4b90ba548307583c125f54d5b6946cfee6360c733d"},
    {file = "PyYAML-6.0.1-cp310-cp310-manylinux_2_17_x86_64.manylinux2014_x86_64.whl", hash = "sha256:ba336e390cd8e4d1739f42dfe9bb83a3cc2e80f567d8805e11b46f4a943f5515"},
    {file = "PyYAML-6.0.1-cp310-cp310-musllinux_1_1_x86_64.whl", hash = "sha256:326c013efe8048858a6d312ddd31d56e468118ad4cdeda36c719bf5bb6192290"},
    {file = "PyYAML-6.0.1-cp310-cp310-win32.whl", hash = "sha256:bd4af7373a854424dabd882decdc5579653d7868b8fb26dc7d0e99f823aa5924"},
    {file = "PyYAML-6.0.1-cp310-cp310-win_amd64.whl", hash = "sha256:fd1592b3fdf65fff2ad0004b5e363300ef59ced41c2e6b3a99d4089fa8c5435d"},
    {file = "PyYAML-6.0.1-cp311-cp311-macosx_10_9_x86_64.whl", hash = "sha256:6965a7bc3cf88e5a1c3bd2e0b5c22f8d677dc88a455344035f03399034eb3007"},
    {file = "PyYAML-6.0.1-cp311-cp311-macosx_11_0_arm64.whl", hash = "sha256:f003ed9ad21d6a4713f0a9b5a7a0a79e08dd0f221aff4525a2be4c346ee60aab"},
    {file = "PyYAML-6.0.1-cp311-cp311-manylinux_2_17_aarch64.manylinux2014_aarch64.whl", hash = "sha256:42f8152b8dbc4fe7d96729ec2b99c7097d656dc1213a3229ca5383f973a5ed6d"},
    {file = "PyYAML-6.0.1-cp311-cp311-manylinux_2_17_s390x.manylinux2014_s390x.whl", hash = "sha256:062582fca9fabdd2c8b54a3ef1c978d786e0f6b3a1510e0ac93ef59e0ddae2bc"},
    {file = "PyYAML-6.0.1-cp311-cp311-manylinux_2_17_x86_64.manylinux2014_x86_64.whl", hash = "sha256:d2b04aac4d386b172d5b9692e2d2da8de7bfb6c387fa4f801fbf6fb2e6ba4673"},
    {file = "PyYAML-6.0.1-cp311-cp311-musllinux_1_1_x86_64.whl", hash = "sha256:e7d73685e87afe9f3b36c799222440d6cf362062f78be1013661b00c5c6f678b"},
    {file = "PyYAML-6.0.1-cp311-cp311-win32.whl", hash = "sha256:1635fd110e8d85d55237ab316b5b011de701ea0f29d07611174a1b42f1444741"},
    {file = "PyYAML-6.0.1-cp311-cp311-win_amd64.whl", hash = "sha256:bf07ee2fef7014951eeb99f56f39c9bb4af143d8aa3c21b1677805985307da34"},
    {file = "PyYAML-6.0.1-cp312-cp312-macosx_10_9_x86_64.whl", hash = "sha256:855fb52b0dc35af121542a76b9a84f8d1cd886ea97c84703eaa6d88e37a2ad28"},
    {file = "PyYAML-6.0.1-cp312-cp312-macosx_11_0_arm64.whl", hash = "sha256:40df9b996c2b73138957fe23a16a4f0ba614f4c0efce1e9406a184b6d07fa3a9"},
    {file = "PyYAML-6.0.1-cp312-cp312-manylinux_2_17_aarch64.manylinux2014_aarch64.whl", hash = "sha256:a08c6f0fe150303c1c6b71ebcd7213c2858041a7e01975da3a99aed1e7a378ef"},
    {file = "PyYAML-6.0.1-cp312-cp312-manylinux_2_17_x86_64.manylinux2014_x86_64.whl", hash = "sha256:6c22bec3fbe2524cde73d7ada88f6566758a8f7227bfbf93a408a9d86bcc12a0"},
    {file = "PyYAML-6.0.1-cp312-cp312-musllinux_1_1_x86_64.whl", hash = "sha256:8d4e9c88387b0f5c7d5f281e55304de64cf7f9c0021a3525bd3b1c542da3b0e4"},
    {file = "PyYAML-6.0.1-cp312-cp312-win32.whl", hash = "sha256:d483d2cdf104e7c9fa60c544d92981f12ad66a457afae824d146093b8c294c54"},
    {file = "PyYAML-6.0.1-cp312-cp312-win_amd64.whl", hash = "sha256:0d3304d8c0adc42be59c5f8a4d9e3d7379e6955ad754aa9d6ab7a398b59dd1df"},
    {file = "PyYAML-6.0.1-cp36-cp36m-macosx_10_9_x86_64.whl", hash = "sha256:50550eb667afee136e9a77d6dc71ae76a44df8b3e51e41b77f6de2932bfe0f47"},
    {file = "PyYAML-6.0.1-cp36-cp36m-manylinux_2_17_aarch64.manylinux2014_aarch64.whl", hash = "sha256:1fe35611261b29bd1de0070f0b2f47cb6ff71fa6595c077e42bd0c419fa27b98"},
    {file = "PyYAML-6.0.1-cp36-cp36m-manylinux_2_17_s390x.manylinux2014_s390x.whl", hash = "sha256:704219a11b772aea0d8ecd7058d0082713c3562b4e271b849ad7dc4a5c90c13c"},
    {file = "PyYAML-6.0.1-cp36-cp36m-manylinux_2_17_x86_64.manylinux2014_x86_64.whl", hash = "sha256:afd7e57eddb1a54f0f1a974bc4391af8bcce0b444685d936840f125cf046d5bd"},
    {file = "PyYAML-6.0.1-cp36-cp36m-win32.whl", hash = "sha256:fca0e3a251908a499833aa292323f32437106001d436eca0e6e7833256674585"},
    {file = "PyYAML-6.0.1-cp36-cp36m-win_amd64.whl", hash = "sha256:f22ac1c3cac4dbc50079e965eba2c1058622631e526bd9afd45fedd49ba781fa"},
    {file = "PyYAML-6.0.1-cp37-cp37m-macosx_10_9_x86_64.whl", hash = "sha256:b1275ad35a5d18c62a7220633c913e1b42d44b46ee12554e5fd39c70a243d6a3"},
    {file = "PyYAML-6.0.1-cp37-cp37m-manylinux_2_17_aarch64.manylinux2014_aarch64.whl", hash = "sha256:18aeb1bf9a78867dc38b259769503436b7c72f7a1f1f4c93ff9a17de54319b27"},
    {file = "PyYAML-6.0.1-cp37-cp37m-manylinux_2_17_s390x.manylinux2014_s390x.whl", hash = "sha256:596106435fa6ad000c2991a98fa58eeb8656ef2325d7e158344fb33864ed87e3"},
    {file = "PyYAML-6.0.1-cp37-cp37m-manylinux_2_17_x86_64.manylinux2014_x86_64.whl", hash = "sha256:baa90d3f661d43131ca170712d903e6295d1f7a0f595074f151c0aed377c9b9c"},
    {file = "PyYAML-6.0.1-cp37-cp37m-win32.whl", hash = "sha256:9046c58c4395dff28dd494285c82ba00b546adfc7ef001486fbf0324bc174fba"},
    {file = "PyYAML-6.0.1-cp37-cp37m-win_amd64.whl", hash = "sha256:4fb147e7a67ef577a588a0e2c17b6db51dda102c71de36f8549b6816a96e1867"},
    {file = "PyYAML-6.0.1-cp38-cp38-macosx_10_9_x86_64.whl", hash = "sha256:1d4c7e777c441b20e32f52bd377e0c409713e8bb1386e1099c2415f26e479595"},
    {file = "PyYAML-6.0.1-cp38-cp38-manylinux_2_17_aarch64.manylinux2014_aarch64.whl", hash = "sha256:a0cd17c15d3bb3fa06978b4e8958dcdc6e0174ccea823003a106c7d4d7899ac5"},
    {file = "PyYAML-6.0.1-cp38-cp38-manylinux_2_17_s390x.manylinux2014_s390x.whl", hash = "sha256:28c119d996beec18c05208a8bd78cbe4007878c6dd15091efb73a30e90539696"},
    {file = "PyYAML-6.0.1-cp38-cp38-manylinux_2_17_x86_64.manylinux2014_x86_64.whl", hash = "sha256:7e07cbde391ba96ab58e532ff4803f79c4129397514e1413a7dc761ccd755735"},
    {file = "PyYAML-6.0.1-cp38-cp38-musllinux_1_1_x86_64.whl", hash = "sha256:49a183be227561de579b4a36efbb21b3eab9651dd81b1858589f796549873dd6"},
    {file = "PyYAML-6.0.1-cp38-cp38-win32.whl", hash = "sha256:184c5108a2aca3c5b3d3bf9395d50893a7ab82a38004c8f61c258d4428e80206"},
    {file = "PyYAML-6.0.1-cp38-cp38-win_amd64.whl", hash = "sha256:1e2722cc9fbb45d9b87631ac70924c11d3a401b2d7f410cc0e3bbf249f2dca62"},
    {file = "PyYAML-6.0.1-cp39-cp39-macosx_10_9_x86_64.whl", hash = "sha256:9eb6caa9a297fc2c2fb8862bc5370d0303ddba53ba97e71f08023b6cd73d16a8"},
    {file = "PyYAML-6.0.1-cp39-cp39-macosx_11_0_arm64.whl", hash = "sha256:c8098ddcc2a85b61647b2590f825f3db38891662cfc2fc776415143f599bb859"},
    {file = "PyYAML-6.0.1-cp39-cp39-manylinux_2_17_aarch64.manylinux2014_aarch64.whl", hash = "sha256:5773183b6446b2c99bb77e77595dd486303b4faab2b086e7b17bc6bef28865f6"},
    {file = "PyYAML-6.0.1-cp39-cp39-manylinux_2_17_s390x.manylinux2014_s390x.whl", hash = "sha256:b786eecbdf8499b9ca1d697215862083bd6d2a99965554781d0d8d1ad31e13a0"},
    {file = "PyYAML-6.0.1-cp39-cp39-manylinux_2_17_x86_64.manylinux2014_x86_64.whl", hash = "sha256:bc1bf2925a1ecd43da378f4db9e4f799775d6367bdb94671027b73b393a7c42c"},
    {file = "PyYAML-6.0.1-cp39-cp39-musllinux_1_1_x86_64.whl", hash = "sha256:04ac92ad1925b2cff1db0cfebffb6ffc43457495c9b3c39d3fcae417d7125dc5"},
    {file = "PyYAML-6.0.1-cp39-cp39-win32.whl", hash = "sha256:faca3bdcf85b2fc05d06ff3fbc1f83e1391b3e724afa3feba7d13eeab355484c"},
    {file = "PyYAML-6.0.1-cp39-cp39-win_amd64.whl", hash = "sha256:510c9deebc5c0225e8c96813043e62b680ba2f9c50a08d3724c7f28a747d1486"},
    {file = "PyYAML-6.0.1.tar.gz", hash = "sha256:bfdf460b1736c775f2ba9f6a92bca30bc2095067b8a9d77876d1fad6cc3b4a43"},
]

[[package]]
name = "six"
version = "1.16.0"
description = "Python 2 and 3 compatibility utilities"
optional = false
python-versions = ">=2.7, !=3.0.*, !=3.1.*, !=3.2.*"
files = [
    {file = "six-1.16.0-py2.py3-none-any.whl", hash = "sha256:8abb2f1d86890a2dfb989f9a77cfcfd3e47c2a354b01111771326f8aa26e0254"},
    {file = "six-1.16.0.tar.gz", hash = "sha256:1e61c37477a1626458e36f7b1d82aa5c9b094fa4802892072e49de9c60c4c926"},
]

[[package]]
name = "sniffio"
version = "1.3.1"
description = "Sniff out which async library your code is running under"
optional = false
python-versions = ">=3.7"
files = [
    {file = "sniffio-1.3.1-py3-none-any.whl", hash = "sha256:2f6da418d1f1e0fddd844478f41680e794e6051915791a034ff65e5f100525a2"},
    {file = "sniffio-1.3.1.tar.gz", hash = "sha256:f4324edc670a0f49750a81b895f35c3adb843cca46f0530f79fc1babb23789dc"},
]

[[package]]
name = "unidecode"
version = "1.3.8"
description = "ASCII transliterations of Unicode text"
optional = false
python-versions = ">=3.5"
files = [
    {file = "Unidecode-1.3.8-py3-none-any.whl", hash = "sha256:d130a61ce6696f8148a3bd8fe779c99adeb4b870584eeb9526584e9aa091fd39"},
    {file = "Unidecode-1.3.8.tar.gz", hash = "sha256:cfdb349d46ed3873ece4586b96aa75258726e2fa8ec21d6f00a591d98806c2f4"},
]

[metadata]
lock-version = "2.0"
python-versions = "^3.11"
content-hash = "79ee880934a6164163740b3cff5b7e17d3bbc6aa9b0a94a8c75b5c44713d8182"
